
Microsoft Visual Studio Solution File, Format Version 12.00
# Visual Studio Version 17
VisualStudioVersion = 17.0.31903.59
MinimumVisualStudioVersion = 10.0.40219.1
Project("{9A19103F-16F7-4668-BE54-9A1E7A4F7556}") = "Bank.Domain", "Bank.Domain\Bank.Domain.csproj", "{2E088425-F9FB-42B0-9DA2-9FBFE17DBDF2}"
EndProject
Project("{9A19103F-16F7-4668-BE54-9A1E7A4F7556}") = "Bank.Infrastructure", "Bank.Infrastructure\Bank.Infrastructure.csproj", "{FCC3BF0B-E535-4818-AE1D-37BCE7FC57DA}"
EndProject
Project("{9A19103F-16F7-4668-BE54-9A1E7A4F7556}") = "Bank.Application", "Bank.Application\Bank.Application.csproj", "{E8C08C2E-9176-426A-BF5E-5E671FAE4D3E}"
EndProject
Project("{FAE04EC0-301F-11D3-BF4B-00C04F79EFBC}") = "Bank.Api", "Bank.Api\Bank.Api.csproj", "{CD014664-45CF-465C-BC50-6A39542D7364}"
EndProject
Project("{FAE04EC0-301F-11D3-BF4B-00C04F79EFBC}") = "Bank.Contracts", "Bank.Contracts\Bank.Contracts.csproj", "{0CB005C7-5EA5-451A-AFFC-1A305B217BA3}"
EndProject
Global
	GlobalSection(SolutionConfigurationPlatforms) = preSolution
		Debug|Any CPU = Debug|Any CPU
		Release|Any CPU = Release|Any CPU
	EndGlobalSection
	GlobalSection(ProjectConfigurationPlatforms) = postSolution
		{2E088425-F9FB-42B0-9DA2-9FBFE17DBDF2}.Debug|Any CPU.ActiveCfg = Debug|Any CPU
		{2E088425-F9FB-42B0-9DA2-9FBFE17DBDF2}.Debug|Any CPU.Build.0 = Debug|Any CPU
		{2E088425-F9FB-42B0-9DA2-9FBFE17DBDF2}.Release|Any CPU.ActiveCfg = Release|Any CPU
		{2E088425-F9FB-42B0-9DA2-9FBFE17DBDF2}.Release|Any CPU.Build.0 = Release|Any CPU
		{FCC3BF0B-E535-4818-AE1D-37BCE7FC57DA}.Debug|Any CPU.ActiveCfg = Debug|Any CPU
		{FCC3BF0B-E535-4818-AE1D-37BCE7FC57DA}.Debug|Any CPU.Build.0 = Debug|Any CPU
		{FCC3BF0B-E535-4818-AE1D-37BCE7FC57DA}.Release|Any CPU.ActiveCfg = Release|Any CPU
		{FCC3BF0B-E535-4818-AE1D-37BCE7FC57DA}.Release|Any CPU.Build.0 = Release|Any CPU
		{E8C08C2E-9176-426A-BF5E-5E671FAE4D3E}.Debug|Any CPU.ActiveCfg = Debug|Any CPU
		{E8C08C2E-9176-426A-BF5E-5E671FAE4D3E}.Debug|Any CPU.Build.0 = Debug|Any CPU
		{E8C08C2E-9176-426A-BF5E-5E671FAE4D3E}.Release|Any CPU.ActiveCfg = Release|Any CPU
		{E8C08C2E-9176-426A-BF5E-5E671FAE4D3E}.Release|Any CPU.Build.0 = Release|Any CPU
		{CD014664-45CF-465C-BC50-6A39542D7364}.Debug|Any CPU.ActiveCfg = Debug|Any CPU
		{CD014664-45CF-465C-BC50-6A39542D7364}.Debug|Any CPU.Build.0 = Debug|Any CPU
		{CD014664-45CF-465C-BC50-6A39542D7364}.Release|Any CPU.ActiveCfg = Release|Any CPU
		{CD014664-45CF-465C-BC50-6A39542D7364}.Release|Any CPU.Build.0 = Release|Any CPU
		{0CB005C7-5EA5-451A-AFFC-1A305B217BA3}.Debug|Any CPU.ActiveCfg = Debug|Any CPU
		{0CB005C7-5EA5-451A-AFFC-1A305B217BA3}.Debug|Any CPU.Build.0 = Debug|Any CPU
		{0CB005C7-5EA5-451A-AFFC-1A305B217BA3}.Release|Any CPU.ActiveCfg = Release|Any CPU
		{0CB005C7-5EA5-451A-AFFC-1A305B217BA3}.Release|Any CPU.Build.0 = Release|Any CPU
	EndGlobalSection
	GlobalSection(SolutionProperties) = preSolution
		HideSolutionNode = FALSE
	EndGlobalSection
EndGlobal
